
Microsoft Visual Studio Solution File, Format Version 12.00
# Visual Studio Version 16
VisualStudioVersion = 16.0.30114.105
MinimumVisualStudioVersion = 10.0.40219.1
Project("{FAE04EC0-301F-11D3-BF4B-00C04F79EFBC}") = "VS_GITHUB", "VS_GITHUB\VS_GITHUB.csproj", "{0AB447A9-FEB2-46A5-8B40-391E5331D421}"
EndProject
Global
	GlobalSection(SolutionConfigurationPlatforms) = preSolution
		Debug|Any CPU = Debug|Any CPU
		Release|Any CPU = Release|Any CPU
	EndGlobalSection
	GlobalSection(ProjectConfigurationPlatforms) = postSolution
		{0AB447A9-FEB2-46A5-8B40-391E5331D421}.Debug|Any CPU.ActiveCfg = Debug|Any CPU
		{0AB447A9-FEB2-46A5-8B40-391E5331D421}.Debug|Any CPU.Build.0 = Debug|Any CPU
		{0AB447A9-FEB2-46A5-8B40-391E5331D421}.Release|Any CPU.ActiveCfg = Release|Any CPU
		{0AB447A9-FEB2-46A5-8B40-391E5331D421}.Release|Any CPU.Build.0 = Release|Any CPU
	EndGlobalSection
	GlobalSection(SolutionProperties) = preSolution
		HideSolutionNode = FALSE
	EndGlobalSection
	GlobalSection(ExtensibilityGlobals) = postSolution
		SolutionGuid = {7BDF9201-CFE5-46F9-8423-FF3B31D2A8EC}
	EndGlobalSection
EndGlobal
